
Microsoft Visual Studio Solution File, Format Version 12.00
# Visual Studio Version 17
VisualStudioVersion = 17.3.32922.545
MinimumVisualStudioVersion = 10.0.40219.1
Project("{9A19103F-16F7-4668-BE54-9A1E7A4F7556}") = "ProductsAPIServices", "ProductsAPIServices.csproj", "{1C121457-91E8-4F3F-89FE-CB08AF91C77A}"
EndProject
Global
	GlobalSection(SolutionConfigurationPlatforms) = preSolution
		Debug|Any CPU = Debug|Any CPU
		Release|Any CPU = Release|Any CPU
	EndGlobalSection
	GlobalSection(ProjectConfigurationPlatforms) = postSolution
		{1C121457-91E8-4F3F-89FE-CB08AF91C77A}.Debug|Any CPU.ActiveCfg = Debug|Any CPU
		{1C121457-91E8-4F3F-89FE-CB08AF91C77A}.Debug|Any CPU.Build.0 = Debug|Any CPU
		{1C121457-91E8-4F3F-89FE-CB08AF91C77A}.Release|Any CPU.ActiveCfg = Release|Any CPU
		{1C121457-91E8-4F3F-89FE-CB08AF91C77A}.Release|Any CPU.Build.0 = Release|Any CPU
	EndGlobalSection
	GlobalSection(SolutionProperties) = preSolution
		HideSolutionNode = FALSE
	EndGlobalSection
	GlobalSection(ExtensibilityGlobals) = postSolution
		SolutionGuid = {C86A2C4B-4365-40FB-A59A-E92A39256B08}
	EndGlobalSection
EndGlobal
